// !$*UTF8*$!
{
	archiveVersion = 1;
	classes = {
	};
	objectVersion = 60;
	objects = {

/* Begin PBXBuildFile section */
		AE0000000000000000000011 /* FlashcardApp.swift in Sources */ = {isa = PBXBuildFile; fileRef = AE000000000000000000000D /* FlashcardApp.swift */; };
		AE0000000000000000000012 /* ContentView.swift in Sources */ = {isa = PBXBuildFile; fileRef = AE000000000000000000000E /* ContentView.swift */; };
		AE0000000000000000000013 /* SettingsView.swift in Sources */ = {isa = PBXBuildFile; fileRef = AE000000000000000000000F /* SettingsView.swift */; };
		AE0000000000000000000016 /* FlashcardShared in Frameworks */ = {isa = PBXBuildFile; productRef = AE0000000000000000000015 /* FlashcardShared */; };
		AE0000000000000000000019 /* config.json in Resources */ = {isa = PBXBuildFile; fileRef = AE000000000000000000001A /* config.json */; };
		AE000000000000000000001E /* libs in Resources */ = {isa = PBXBuildFile; fileRef = AE000000000000000000001D /* libs */; };
		AE000000000000000000001F /* Assets.xcassets in Resources */ = {isa = PBXBuildFile; fileRef = AE0000000000000000000020 /* Assets.xcassets */; };
/* End PBXBuildFile section */

/* Begin PBXFileReference section */
		AE0000000000000000000005 /* Flashcard.app */ = {isa = PBXFileReference; explicitFileType = wrapper.application; includeInIndex = 0; path = Flashcard.app; sourceTree = BUILT_PRODUCTS_DIR; };
		AE000000000000000000000D /* FlashcardApp.swift */ = {isa = PBXFileReference; lastKnownFileType = sourcecode.swift; path = FlashcardApp.swift; sourceTree = "<group>"; };
		AE000000000000000000000E /* ContentView.swift */ = {isa = PBXFileReference; lastKnownFileType = sourcecode.swift; path = ContentView.swift; sourceTree = "<group>"; };
		AE000000000000000000000F /* SettingsView.swift */ = {isa = PBXFileReference; lastKnownFileType = sourcecode.swift; path = SettingsView.swift; sourceTree = "<group>"; };
		AE0000000000000000000010 /* Info.plist */ = {isa = PBXFileReference; lastKnownFileType = text.plist.xml; path = Info.plist; sourceTree = "<group>"; };
		AE000000000000000000001A /* config.json */ = {isa = PBXFileReference; lastKnownFileType = text.json; path = config.json; sourceTree = "<group>"; };
		AE000000000000000000001D /* libs */ = {isa = PBXFileReference; lastKnownFileType = folder; path = libs; sourceTree = "<group>"; };
		AE0000000000000000000020 /* Assets.xcassets */ = {isa = PBXFileReference; lastKnownFileType = folder.assetcatalog; path = Assets.xcassets; sourceTree = "<group>"; };
/* End PBXFileReference section */

/* Begin PBXFrameworksBuildPhase section */
		AE0000000000000000000017 /* Frameworks */ = {
			isa = PBXFrameworksBuildPhase;
			buildActionMask = 2147483647;
			files = (
				AE0000000000000000000016 /* FlashcardShared in Frameworks */,
			);
			runOnlyForDeploymentPostprocessing = 0;
		};
/* End PBXFrameworksBuildPhase section */

/* Begin PBXResourcesBuildPhase section */
		AE000000000000000000001C /* Resources */ = {
			isa = PBXResourcesBuildPhase;
			buildActionMask = 2147483647;
			files = (
				AE000000000000000000001E /* libs in Resources */,
				AE0000000000000000000019 /* config.json in Resources */,
				AE000000000000000000001F /* Assets.xcassets in Resources */,
			);
			runOnlyForDeploymentPostprocessing = 0;
		};
/* End PBXResourcesBuildPhase section */

/* Begin PBXGroup section */
		AE0000000000000000000002 = {
			isa = PBXGroup;
			children = (
				AE0000000000000000000010 /* Info.plist */,
				AE0000000000000000000003 /* Sources/Flashcard */,
				AE000000000000000000001B /* Resources */,
				AE0000000000000000000004 /* Products */,
			);
			sourceTree = "<group>";
		};
		AE000000000000000000001B /* Resources */ = {
			isa = PBXGroup;
			children = (
				AE000000000000000000001D /* libs */,
				AE000000000000000000001A /* config.json */,
			);
			path = Resources;
			sourceTree = "<group>";
		};
		AE0000000000000000000003 /* Sources/Flashcard */ = {
			isa = PBXGroup;
			children = (
				AE000000000000000000000D /* FlashcardApp.swift */,
				AE000000000000000000000E /* ContentView.swift */,
				AE000000000000000000000F /* SettingsView.swift */,
				AE0000000000000000000020 /* Assets.xcassets */,
			);
			path = Sources/Flashcard;
			sourceTree = "<group>";
		};
		AE0000000000000000000004 /* Products */ = {
			isa = PBXGroup;
			children = (
				AE0000000000000000000005 /* Flashcard.app */,
			);
			name = Products;
			sourceTree = "<group>";
		};
/* End PBXGroup section */

/* Begin PBXNativeTarget section */
		AE0000000000000000000006 /* Flashcard */ = {
			isa = PBXNativeTarget;
			buildConfigurationList = AE000000000000000000000B /* Build configuration list for PBXNativeTarget "Flashcard" */;
			buildPhases = (
				AE0000000000000000000018 /* Sources */,
				AE0000000000000000000017 /* Frameworks */,
				AE000000000000000000001C /* Resources */,
			);
			buildRules = (
			);
			dependencies = (
			);
			name = Flashcard;
			packageProductDependencies = (
				AE0000000000000000000015 /* FlashcardShared */,
			);
			productName = Flashcard;
			productReference = AE0000000000000000000005 /* Flashcard.app */;
			productType = "com.apple.product-type.application";
		};
/* End PBXNativeTarget section */

/* Begin PBXProject section */
		AE0000000000000000000001 /* Project object */ = {
			isa = PBXProject;
			attributes = {
				BuildIndependentTargetsInParallel = 1;
				LastSwiftUpdateCheck = 1500;
				LastUpgradeCheck = 1500;
			};
			buildConfigurationList = AE000000000000000000000C /* Build configuration list for PBXProject "Flashcard" */;
			compatibilityVersion = "Xcode 14.0";
			developmentRegion = "zh-Hans";
			hasScannedForEncodings = 0;
			knownRegions = (
				en,
				"zh-Hans",
				Base,
			);
			mainGroup = AE0000000000000000000002;
			packageReferences = (
				AE0000000000000000000014 /* XCLocalSwiftPackageReference "../Shared" */,
			);
			productRefGroup = AE0000000000000000000004 /* Products */;
			projectDirPath = "";
			projectRoot = "";
			targets = (
				AE0000000000000000000006 /* Flashcard */,
			);
		};
/* End PBXProject section */

/* Begin PBXSourcesBuildPhase section */
		AE0000000000000000000018 /* Sources */ = {
			isa = PBXSourcesBuildPhase;
			buildActionMask = 2147483647;
			files = (
				AE0000000000000000000011 /* FlashcardApp.swift in Sources */,
				AE0000000000000000000012 /* ContentView.swift in Sources */,
				AE0000000000000000000013 /* SettingsView.swift in Sources */,
			);
			runOnlyForDeploymentPostprocessing = 0;
		};
/* End PBXSourcesBuildPhase section */

/* Begin XCBuildConfiguration section */
		AE0000000000000000000007 /* Debug */ = {
			isa = XCBuildConfiguration;
			buildSettings = {
				ASSETCATALOG_COMPILER_APPICON_NAME = AppIcon;
				CODE_SIGN_STYLE = Automatic;
				CURRENT_PROJECT_VERSION = 1;
				DEVELOPMENT_TEAM = K39NTDQM3U;
				GENERATE_INFOPLIST_FILE = YES;
				INFOPLIST_FILE = Info.plist;
				INFOPLIST_KEY_UIApplicationSceneManifest_Generation = YES;
				INFOPLIST_KEY_UIApplicationSupportsIndirectInputEvents = YES;
				INFOPLIST_KEY_UILaunchScreen_Generation = YES;
				INFOPLIST_KEY_UISupportedInterfaceOrientations_iPad = "UIInterfaceOrientationPortrait UIInterfaceOrientationPortraitUpsideDown UIInterfaceOrientationLandscapeLeft UIInterfaceOrientationLandscapeRight";
				INFOPLIST_KEY_UISupportedInterfaceOrientations_iPhone = "UIInterfaceOrientationPortrait UIInterfaceOrientationLandscapeLeft UIInterfaceOrientationLandscapeRight";
				IPHONEOS_DEPLOYMENT_TARGET = 16.0;
				MARKETING_VERSION = 1.0;
				PRODUCT_BUNDLE_IDENTIFIER = com.flashcard.ios;
				PRODUCT_NAME = "$(TARGET_NAME)";
				SWIFT_VERSION = 5.0;
				TARGETED_DEVICE_FAMILY = "1,2";
			};
			name = Debug;
		};
		AE0000000000000000000008 /* Release */ = {
			isa = XCBuildConfiguration;
			buildSettings = {
				ASSETCATALOG_COMPILER_APPICON_NAME = AppIcon;
				CODE_SIGN_STYLE = Automatic;
				CURRENT_PROJECT_VERSION = 1;
				DEVELOPMENT_TEAM = K39NTDQM3U;
				GENERATE_INFOPLIST_FILE = YES;
				INFOPLIST_FILE = Info.plist;
				INFOPLIST_KEY_UIApplicationSceneManifest_Generation = YES;
				INFOPLIST_KEY_UIApplicationSupportsIndirectInputEvents = YES;
				INFOPLIST_KEY_UILaunchScreen_Generation = YES;
				INFOPLIST_KEY_UISupportedInterfaceOrientations_iPad = "UIInterfaceOrientationPortrait UIInterfaceOrientationPortraitUpsideDown UIInterfaceOrientationLandscapeLeft UIInterfaceOrientationLandscapeRight";
				INFOPLIST_KEY_UISupportedInterfaceOrientations_iPhone = "UIInterfaceOrientationPortrait UIInterfaceOrientationLandscapeLeft UIInterfaceOrientationLandscapeRight";
				IPHONEOS_DEPLOYMENT_TARGET = 16.0;
				MARKETING_VERSION = 1.0;
				PRODUCT_BUNDLE_IDENTIFIER = com.flashcard.ios;
				PRODUCT_NAME = "$(TARGET_NAME)";
				SWIFT_VERSION = 5.0;
				TARGETED_DEVICE_FAMILY = "1,2";
			};
			name = Release;
		};
		AE0000000000000000000009 /* Debug */ = {
			isa = XCBuildConfiguration;
			buildSettings = {
				ALWAYS_SEARCH_USER_PATHS = NO;
				CLANG_ANALYZER_NONNULL = YES;
				CLANG_CXX_LANGUAGE_STANDARD = "gnu++20";
				CLANG_ENABLE_MODULES = YES;
				CLANG_ENABLE_OBJC_ARC = YES;
				COPY_PHASE_STRIP = NO;
				DEBUG_INFORMATION_FORMAT = dwarf;
				ENABLE_STRICT_OBJC_MSGSEND = YES;
				ENABLE_TESTABILITY = YES;
				GCC_DYNAMIC_NO_PIC = NO;
				GCC_OPTIMIZATION_LEVEL = 0;
				GCC_PREPROCESSOR_DEFINITIONS = (
					"DEBUG=1",
					"$(inherited)",
				);
				IPHONEOS_DEPLOYMENT_TARGET = 16.0;
				MTL_ENABLE_DEBUG_INFO = INCLUDE_SOURCE;
				ONLY_ACTIVE_ARCH = YES;
				SDKROOT = iphoneos;
				SWIFT_ACTIVE_COMPILATION_CONDITIONS = DEBUG;
				SWIFT_OPTIMIZATION_LEVEL = "-Onone";
			};
			name = Debug;
		};
		AE000000000000000000000A /* Release */ = {
			isa = XCBuildConfiguration;
			buildSettings = {
				ALWAYS_SEARCH_USER_PATHS = NO;
				CLANG_ANALYZER_NONNULL = YES;
				CLANG_CXX_LANGUAGE_STANDARD = "gnu++20";
				CLANG_ENABLE_MODULES = YES;
				CLANG_ENABLE_OBJC_ARC = YES;
				COPY_PHASE_STRIP = NO;
				DEBUG_INFORMATION_FORMAT = "dwarf-with-dsym";
				ENABLE_NS_ASSERTIONS = NO;
				ENABLE_STRICT_OBJC_MSGSEND = YES;
				GCC_OPTIMIZATION_LEVEL = s;
				IPHONEOS_DEPLOYMENT_TARGET = 16.0;
				MTL_ENABLE_DEBUG_INFO = NO;
				SDKROOT = iphoneos;
				SWIFT_COMPILATION_MODE = wholemodule;
				SWIFT_OPTIMIZATION_LEVEL = "-O";
				VALIDATE_PRODUCT = YES;
			};
			name = Release;
		};
/* End XCBuildConfiguration section */

/* Begin XCConfigurationList section */
		AE000000000000000000000B /* Build configuration list for PBXNativeTarget "Flashcard" */ = {
			isa = XCConfigurationList;
			buildConfigurations = (
				AE0000000000000000000007 /* Debug */,
				AE0000000000000000000008 /* Release */,
			);
			defaultConfigurationIsVisible = 0;
			defaultConfigurationName = Release;
		};
		AE000000000000000000000C /* Build configuration list for PBXProject "Flashcard" */ = {
			isa = XCConfigurationList;
			buildConfigurations = (
				AE0000000000000000000009 /* Debug */,
				AE000000000000000000000A /* Release */,
			);
			defaultConfigurationIsVisible = 0;
			defaultConfigurationName = Release;
		};
/* End XCConfigurationList section */

/* Begin XCLocalSwiftPackageReference section */
		AE0000000000000000000014 /* XCLocalSwiftPackageReference "../Shared" */ = {
			isa = XCLocalSwiftPackageReference;
			relativePath = ../Shared;
		};
/* End XCLocalSwiftPackageReference section */

/* Begin XCSwiftPackageProductDependency section */
		AE0000000000000000000015 /* FlashcardShared */ = {
			isa = XCSwiftPackageProductDependency;
			package = AE0000000000000000000014 /* XCLocalSwiftPackageReference "../Shared" */;
			productName = FlashcardShared;
		};
/* End XCSwiftPackageProductDependency section */
	};
	rootObject = AE0000000000000000000001 /* Project object */;
}
